// !$*UTF8*$!
{
	archiveVersion = 1;
	classes = {
	};
	objectVersion = 77;
	objects = {

/* Begin PBXContainerItemProxy section */
		D9073DC02CD5D5E900126D86 /* PBXContainerItemProxy */ = {
			isa = PBXContainerItemProxy;
			containerPortal = D9073DA72CD5D5E800126D86 /* Project object */;
			proxyType = 1;
			remoteGlobalIDString = D9073DAE2CD5D5E800126D86;
			remoteInfo = "Swift Accelerator Challenge 3";
		};
		D9073DCA2CD5D5E900126D86 /* PBXContainerItemProxy */ = {
			isa = PBXContainerItemProxy;
			containerPortal = D9073DA72CD5D5E800126D86 /* Project object */;
			proxyType = 1;
			remoteGlobalIDString = D9073DAE2CD5D5E800126D86;
			remoteInfo = "Swift Accelerator Challenge 3";
		};
/* End PBXContainerItemProxy section */

/* Begin PBXFileReference section */
		D9073DAF2CD5D5E800126D86 /* Swift Accelerator Challenge 3.app */ = {isa = PBXFileReference; explicitFileType = wrapper.application; includeInIndex = 0; path = "Swift Accelerator Challenge 3.app"; sourceTree = BUILT_PRODUCTS_DIR; };
		D9073DBF2CD5D5E900126D86 /* Swift Accelerator Challenge 3Tests.xctest */ = {isa = PBXFileReference; explicitFileType = wrapper.cfbundle; includeInIndex = 0; path = "Swift Accelerator Challenge 3Tests.xctest"; sourceTree = BUILT_PRODUCTS_DIR; };
		D9073DC92CD5D5E900126D86 /* Swift Accelerator Challenge 3UITests.xctest */ = {isa = PBXFileReference; explicitFileType = wrapper.cfbundle; includeInIndex = 0; path = "Swift Accelerator Challenge 3UITests.xctest"; sourceTree = BUILT_PRODUCTS_DIR; };
/* End PBXFileReference section */

/* Begin PBXFileSystemSynchronizedRootGroup section */
		D9073DB12CD5D5E800126D86 /* Swift Accelerator Challenge 3 */ = {
			isa = PBXFileSystemSynchronizedRootGroup;
			path = "Swift Accelerator Challenge 3";
			sourceTree = "<group>";
		};
/* End PBXFileSystemSynchronizedRootGroup section */

/* Begin PBXFrameworksBuildPhase section */
		D9073DAC2CD5D5E800126D86 /* Frameworks */ = {
			isa = PBXFrameworksBuildPhase;
			buildActionMask = 2147483647;
			files = (
			);
			runOnlyForDeploymentPostprocessing = 0;
		};
		D9073DBC2CD5D5E900126D86 /* Frameworks */ = {
			isa = PBXFrameworksBuildPhase;
			buildActionMask = 2147483647;
			files = (
			);
			runOnlyForDeploymentPostprocessing = 0;
		};
		D9073DC62CD5D5E900126D86 /* Frameworks */ = {
			isa = PBXFrameworksBuildPhase;
			buildActionMask = 2147483647;
			files = (
			);
			runOnlyForDeploymentPostprocessing = 0;
		};
/* End PBXFrameworksBuildPhase section */

/* Begin PBXGroup section */
		D9073DA62CD5D5E800126D86 = {
			isa = PBXGroup;
			children = (
				D9073DB12CD5D5E800126D86 /* Swift Accelerator Challenge 3 */,
				D9073DB02CD5D5E800126D86 /* Products */,
			);
			sourceTree = "<group>";
		};
		D9073DB02CD5D5E800126D86 /* Products */ = {
			isa = PBXGroup;
			children = (
				D9073DAF2CD5D5E800126D86 /* Swift Accelerator Challenge 3.app */,
				D9073DBF2CD5D5E900126D86 /* Swift Accelerator Challenge 3Tests.xctest */,
				D9073DC92CD5D5E900126D86 /* Swift Accelerator Challenge 3UITests.xctest */,
			);
			name = Products;
			sourceTree = "<group>";
		};
/* End PBXGroup section */

/* Begin PBXNativeTarget section */
		D9073DAE2CD5D5E800126D86 /* Swift Accelerator Challenge 3 */ = {
			isa = PBXNativeTarget;
			buildConfigurationList = D9073DD32CD5D5E900126D86 /* Build configuration list for PBXNativeTarget "Swift Accelerator Challenge 3" */;
			buildPhases = (
				D9073DAB2CD5D5E800126D86 /* Sources */,
				D9073DAC2CD5D5E800126D86 /* Frameworks */,
				D9073DAD2CD5D5E800126D86 /* Resources */,
			);
			buildRules = (
			);
			dependencies = (
			);
			fileSystemSynchronizedGroups = (
				D9073DB12CD5D5E800126D86 /* Swift Accelerator Challenge 3 */,
			);
			name = "Swift Accelerator Challenge 3";
			packageProductDependencies = (
			);
			productName = "Swift Accelerator Challenge 3";
			productReference = D9073DAF2CD5D5E800126D86 /* Swift Accelerator Challenge 3.app */;
			productType = "com.apple.product-type.application";
		};
		D9073DBE2CD5D5E900126D86 /* Swift Accelerator Challenge 3Tests */ = {
			isa = PBXNativeTarget;
			buildConfigurationList = D9073DD62CD5D5E900126D86 /* Build configuration list for PBXNativeTarget "Swift Accelerator Challenge 3Tests" */;
			buildPhases = (
				D9073DBB2CD5D5E900126D86 /* Sources */,
				D9073DBC2CD5D5E900126D86 /* Frameworks */,
				D9073DBD2CD5D5E900126D86 /* Resources */,
			);
			buildRules = (
			);
			dependencies = (
				D9073DC12CD5D5E900126D86 /* PBXTargetDependency */,
			);
			name = "Swift Accelerator Challenge 3Tests";
			packageProductDependencies = (
			);
			productName = "Swift Accelerator Challenge 3Tests";
			productReference = D9073DBF2CD5D5E900126D86 /* Swift Accelerator Challenge 3Tests.xctest */;
			productType = "com.apple.product-type.bundle.unit-test";
		};
		D9073DC82CD5D5E900126D86 /* Swift Accelerator Challenge 3UITests */ = {
			isa = PBXNativeTarget;
			buildConfigurationList = D9073DD92CD5D5E900126D86 /* Build configuration list for PBXNativeTarget "Swift Accelerator Challenge 3UITests" */;
			buildPhases = (
				D9073DC52CD5D5E900126D86 /* Sources */,
				D9073DC62CD5D5E900126D86 /* Frameworks */,
				D9073DC72CD5D5E900126D86 /* Resources */,
			);
			buildRules = (
			);
			dependencies = (
				D9073DCB2CD5D5E900126D86 /* PBXTargetDependency */,
			);
			name = "Swift Accelerator Challenge 3UITests";
			packageProductDependencies = (
			);
			productName = "Swift Accelerator Challenge 3UITests";
			productReference = D9073DC92CD5D5E900126D86 /* Swift Accelerator Challenge 3UITests.xctest */;
			productType = "com.apple.product-type.bundle.ui-testing";
		};
/* End PBXNativeTarget section */

/* Begin PBXProject section */
		D9073DA72CD5D5E800126D86 /* Project object */ = {
			isa = PBXProject;
			attributes = {
				BuildIndependentTargetsInParallel = 1;
				LastSwiftUpdateCheck = 1610;
				LastUpgradeCheck = 1610;
				TargetAttributes = {
					D9073DAE2CD5D5E800126D86 = {
						CreatedOnToolsVersion = 16.1;
					};
					D9073DBE2CD5D5E900126D86 = {
						CreatedOnToolsVersion = 16.1;
						TestTargetID = D9073DAE2CD5D5E800126D86;
					};
					D9073DC82CD5D5E900126D86 = {
						CreatedOnToolsVersion = 16.1;
						TestTargetID = D9073DAE2CD5D5E800126D86;
					};
				};
			};
			buildConfigurationList = D9073DAA2CD5D5E800126D86 /* Build configuration list for PBXProject "Swift Accelerator Challenge 3" */;
			developmentRegion = en;
			hasScannedForEncodings = 0;
			knownRegions = (
				en,
				Base,
			);
			mainGroup = D9073DA62CD5D5E800126D86;
			minimizedProjectReferenceProxies = 1;
			preferredProjectObjectVersion = 77;
			productRefGroup = D9073DB02CD5D5E800126D86 /* Products */;
			projectDirPath = "";
			projectRoot = "";
			targets = (
				D9073DAE2CD5D5E800126D86 /* Swift Accelerator Challenge 3 */,
				D9073DBE2CD5D5E900126D86 /* Swift Accelerator Challenge 3Tests */,
				D9073DC82CD5D5E900126D86 /* Swift Accelerator Challenge 3UITests */,
			);
		};
/* End PBXProject section */

/* Begin PBXResourcesBuildPhase section */
		D9073DAD2CD5D5E800126D86 /* Resources */ = {
			isa = PBXResourcesBuildPhase;
			buildActionMask = 2147483647;
			files = (
			);
			runOnlyForDeploymentPostprocessing = 0;
		};
		D9073DBD2CD5D5E900126D86 /* Resources */ = {
			isa = PBXResourcesBuildPhase;
			buildActionMask = 2147483647;
			files = (
			);
			runOnlyForDeploymentPostprocessing = 0;
		};
		D9073DC72CD5D5E900126D86 /* Resources */ = {
			isa = PBXResourcesBuildPhase;
			buildActionMask = 2147483647;
			files = (
			);
			runOnlyForDeploymentPostprocessing = 0;
		};
/* End PBXResourcesBuildPhase section */

/* Begin PBXSourcesBuildPhase section */
		D9073DAB2CD5D5E800126D86 /* Sources */ = {
			isa = PBXSourcesBuildPhase;
			buildActionMask = 2147483647;
			files = (
			);
			runOnlyForDeploymentPostprocessing = 0;
		};
		D9073DBB2CD5D5E900126D86 /* Sources */ = {
			isa = PBXSourcesBuildPhase;
			buildActionMask = 2147483647;
			files = (
			);
			runOnlyForDeploymentPostprocessing = 0;
		};
		D9073DC52CD5D5E900126D86 /* Sources */ = {
			isa = PBXSourcesBuildPhase;
			buildActionMask = 2147483647;
			files = (
			);
			runOnlyForDeploymentPostprocessing = 0;
		};
/* End PBXSourcesBuildPhase section */

/* Begin PBXTargetDependency section */
		D9073DC12CD5D5E900126D86 /* PBXTargetDependency */ = {
			isa = PBXTargetDependency;
			target = D9073DAE2CD5D5E800126D86 /* Swift Accelerator Challenge 3 */;
			targetProxy = D9073DC02CD5D5E900126D86 /* PBXContainerItemProxy */;
		};
		D9073DCB2CD5D5E900126D86 /* PBXTargetDependency */ = {
			isa = PBXTargetDependency;
			target = D9073DAE2CD5D5E800126D86 /* Swift Accelerator Challenge 3 */;
			targetProxy = D9073DCA2CD5D5E900126D86 /* PBXContainerItemProxy */;
		};
/* End PBXTargetDependency section */

/* Begin XCBuildConfiguration section */
		D9073DD12CD5D5E900126D86 /* Debug */ = {
			isa = XCBuildConfiguration;
			buildSettings = {
				ALWAYS_SEARCH_USER_PATHS = NO;
				ASSETCATALOG_COMPILER_GENERATE_SWIFT_ASSET_SYMBOL_EXTENSIONS = YES;
				CLANG_ANALYZER_NONNULL = YES;
				CLANG_ANALYZER_NUMBER_OBJECT_CONVERSION = YES_AGGRESSIVE;
				CLANG_CXX_LANGUAGE_STANDARD = "gnu++20";
				CLANG_ENABLE_MODULES = YES;
				CLANG_ENABLE_OBJC_ARC = YES;
				CLANG_ENABLE_OBJC_WEAK = YES;
				CLANG_WARN_BLOCK_CAPTURE_AUTORELEASING = YES;
				CLANG_WARN_BOOL_CONVERSION = YES;
				CLANG_WARN_COMMA = YES;
				CLANG_WARN_CONSTANT_CONVERSION = YES;
				CLANG_WARN_DEPRECATED_OBJC_IMPLEMENTATIONS = YES;
				CLANG_WARN_DIRECT_OBJC_ISA_USAGE = YES_ERROR;
				CLANG_WARN_DOCUMENTATION_COMMENTS = YES;
				CLANG_WARN_EMPTY_BODY = YES;
				CLANG_WARN_ENUM_CONVERSION = YES;
				CLANG_WARN_INFINITE_RECURSION = YES;
				CLANG_WARN_INT_CONVERSION = YES;
				CLANG_WARN_NON_LITERAL_NULL_CONVERSION = YES;
				CLANG_WARN_OBJC_IMPLICIT_RETAIN_SELF = YES;
				CLANG_WARN_OBJC_LITERAL_CONVERSION = YES;
				CLANG_WARN_OBJC_ROOT_CLASS = YES_ERROR;
				CLANG_WARN_QUOTED_INCLUDE_IN_FRAMEWORK_HEADER = YES;
				CLANG_WARN_RANGE_LOOP_ANALYSIS = YES;
				CLANG_WARN_STRICT_PROTOTYPES = YES;
				CLANG_WARN_SUSPICIOUS_MOVE = YES;
				CLANG_WARN_UNGUARDED_AVAILABILITY = YES_AGGRESSIVE;
				CLANG_WARN_UNREACHABLE_CODE = YES;
				CLANG_WARN__DUPLICATE_METHOD_MATCH = YES;
				COPY_PHASE_STRIP = NO;
				DEBUG_INFORMATION_FORMAT = dwarf;
				ENABLE_STRICT_OBJC_MSGSEND = YES;
				ENABLE_TESTABILITY = YES;
				ENABLE_USER_SCRIPT_SANDBOXING = YES;
				GCC_C_LANGUAGE_STANDARD = gnu17;
				GCC_DYNAMIC_NO_PIC = NO;
				GCC_NO_COMMON_BLOCKS = YES;
				GCC_OPTIMIZATION_LEVEL = 0;
				GCC_PREPROCESSOR_DEFINITIONS = (
					"DEBUG=1",
					"$(inherited)",
				);
				GCC_WARN_64_TO_32_BIT_CONVERSION = YES;
				GCC_WARN_ABOUT_RETURN_TYPE = YES_ERROR;
				GCC_WARN_UNDECLARED_SELECTOR = YES;
				GCC_WARN_UNINITIALIZED_AUTOS = YES_AGGRESSIVE;
				GCC_WARN_UNUSED_FUNCTION = YES;
				GCC_WARN_UNUSED_VARIABLE = YES;
				IPHONEOS_DEPLOYMENT_TARGET = 18.1;
				LOCALIZATION_PREFERS_STRING_CATALOGS = YES;
				MTL_ENABLE_DEBUG_INFO = INCLUDE_SOURCE;
				MTL_FAST_MATH = YES;
				ONLY_ACTIVE_ARCH = YES;
				SDKROOT = iphoneos;
				SWIFT_ACTIVE_COMPILATION_CONDITIONS = "DEBUG $(inherited)";
				SWIFT_OPTIMIZATION_LEVEL = "-Onone";
			};
			name = Debug;
		};
		D9073DD22CD5D5E900126D86 /* Release */ = {
			isa = XCBuildConfiguration;
			buildSettings = {
				ALWAYS_SEARCH_USER_PATHS = NO;
				ASSETCATALOG_COMPILER_GENERATE_SWIFT_ASSET_SYMBOL_EXTENSIONS = YES;
				CLANG_ANALYZER_NONNULL = YES;
				CLANG_ANALYZER_NUMBER_OBJECT_CONVERSION = YES_AGGRESSIVE;
				CLANG_CXX_LANGUAGE_STANDARD = "gnu++20";
				CLANG_ENABLE_MODULES = YES;
				CLANG_ENABLE_OBJC_ARC = YES;
				CLANG_ENABLE_OBJC_WEAK = YES;
				CLANG_WARN_BLOCK_CAPTURE_AUTORELEASING = YES;
				CLANG_WARN_BOOL_CONVERSION = YES;
				CLANG_WARN_COMMA = YES;
				CLANG_WARN_CONSTANT_CONVERSION = YES;
				CLANG_WARN_DEPRECATED_OBJC_IMPLEMENTATIONS = YES;
				CLANG_WARN_DIRECT_OBJC_ISA_USAGE = YES_ERROR;
				CLANG_WARN_DOCUMENTATION_COMMENTS = YES;
				CLANG_WARN_EMPTY_BODY = YES;
				CLANG_WARN_ENUM_CONVERSION = YES;
				CLANG_WARN_INFINITE_RECURSION = YES;
				CLANG_WARN_INT_CONVERSION = YES;
				CLANG_WARN_NON_LITERAL_NULL_CONVERSION = YES;
				CLANG_WARN_OBJC_IMPLICIT_RETAIN_SELF = YES;
				CLANG_WARN_OBJC_LITERAL_CONVERSION = YES;
				CLANG_WARN_OBJC_ROOT_CLASS = YES_ERROR;
				CLANG_WARN_QUOTED_INCLUDE_IN_FRAMEWORK_HEADER = YES;
				CLANG_WARN_RANGE_LOOP_ANALYSIS = YES;
				CLANG_WARN_STRICT_PROTOTYPES = YES;
				CLANG_WARN_SUSPICIOUS_MOVE = YES;
				CLANG_WARN_UNGUARDED_AVAILABILITY = YES_AGGRESSIVE;
				CLANG_WARN_UNREACHABLE_CODE = YES;
				CLANG_WARN__DUPLICATE_METHOD_MATCH = YES;
				COPY_PHASE_STRIP = NO;
				DEBUG_INFORMATION_FORMAT = "dwarf-with-dsym";
				ENABLE_NS_ASSERTIONS = NO;
				ENABLE_STRICT_OBJC_MSGSEND = YES;
				ENABLE_USER_SCRIPT_SANDBOXING = YES;
				GCC_C_LANGUAGE_STANDARD = gnu17;
				GCC_NO_COMMON_BLOCKS = YES;
				GCC_WARN_64_TO_32_BIT_CONVERSION = YES;
				GCC_WARN_ABOUT_RETURN_TYPE = YES_ERROR;
				GCC_WARN_UNDECLARED_SELECTOR = YES;
				GCC_WARN_UNINITIALIZED_AUTOS = YES_AGGRESSIVE;
				GCC_WARN_UNUSED_FUNCTION = YES;
				GCC_WARN_UNUSED_VARIABLE = YES;
				IPHONEOS_DEPLOYMENT_TARGET = 18.1;
				LOCALIZATION_PREFERS_STRING_CATALOGS = YES;
				MTL_ENABLE_DEBUG_INFO = NO;
				MTL_FAST_MATH = YES;
				SDKROOT = iphoneos;
				SWIFT_COMPILATION_MODE = wholemodule;
				VALIDATE_PRODUCT = YES;
			};
			name = Release;
		};
		D9073DD42CD5D5E900126D86 /* Debug */ = {
			isa = XCBuildConfiguration;
			buildSettings = {
				ASSETCATALOG_COMPILER_APPICON_NAME = AppIcon;
				ASSETCATALOG_COMPILER_GLOBAL_ACCENT_COLOR_NAME = AccentColor;
				CODE_SIGN_STYLE = Automatic;
				CURRENT_PROJECT_VERSION = 1;
				DEVELOPMENT_ASSET_PATHS = "\"Swift Accelerator Challenge 3/Preview Content\"";
				ENABLE_PREVIEWS = YES;
				GENERATE_INFOPLIST_FILE = YES;
<<<<<<< Updated upstream
				INFOPLIST_KEY_NSContactsUsageDescription = "A profile will be created for every contact that is found. You can still add profiles without using contacts. ";
=======
				INFOPLIST_KEY_NSContactsUsageDescription = "Contacts are used to create profiles.";
>>>>>>> Stashed changes
				INFOPLIST_KEY_UIApplicationSceneManifest_Generation = YES;
				INFOPLIST_KEY_UIApplicationSupportsIndirectInputEvents = YES;
				INFOPLIST_KEY_UILaunchScreen_Generation = YES;
				INFOPLIST_KEY_UISupportedInterfaceOrientations_iPad = "UIInterfaceOrientationPortrait UIInterfaceOrientationPortraitUpsideDown UIInterfaceOrientationLandscapeLeft UIInterfaceOrientationLandscapeRight";
				INFOPLIST_KEY_UISupportedInterfaceOrientations_iPhone = "UIInterfaceOrientationPortrait UIInterfaceOrientationLandscapeLeft UIInterfaceOrientationLandscapeRight";
				LD_RUNPATH_SEARCH_PATHS = (
					"$(inherited)",
					"@executable_path/Frameworks",
				);
				MARKETING_VERSION = 1.0;
				PRODUCT_BUNDLE_IDENTIFIER = "ZenTan.Swift-Accelerator-Challenge-3";
				PRODUCT_NAME = "$(TARGET_NAME)";
				SWIFT_EMIT_LOC_STRINGS = YES;
				SWIFT_VERSION = 5.0;
				TARGETED_DEVICE_FAMILY = "1,2";
			};
			name = Debug;
		};
		D9073DD52CD5D5E900126D86 /* Release */ = {
			isa = XCBuildConfiguration;
			buildSettings = {
				ASSETCATALOG_COMPILER_APPICON_NAME = AppIcon;
				ASSETCATALOG_COMPILER_GLOBAL_ACCENT_COLOR_NAME = AccentColor;
				CODE_SIGN_STYLE = Automatic;
				CURRENT_PROJECT_VERSION = 1;
				DEVELOPMENT_ASSET_PATHS = "\"Swift Accelerator Challenge 3/Preview Content\"";
				ENABLE_PREVIEWS = YES;
				GENERATE_INFOPLIST_FILE = YES;
<<<<<<< Updated upstream
				INFOPLIST_KEY_NSContactsUsageDescription = "A profile will be created for every contact that is found. You can still add profiles without using contacts. ";
=======
				INFOPLIST_KEY_NSContactsUsageDescription = "Contacts are used to create profiles.";
>>>>>>> Stashed changes
				INFOPLIST_KEY_UIApplicationSceneManifest_Generation = YES;
				INFOPLIST_KEY_UIApplicationSupportsIndirectInputEvents = YES;
				INFOPLIST_KEY_UILaunchScreen_Generation = YES;
				INFOPLIST_KEY_UISupportedInterfaceOrientations_iPad = "UIInterfaceOrientationPortrait UIInterfaceOrientationPortraitUpsideDown UIInterfaceOrientationLandscapeLeft UIInterfaceOrientationLandscapeRight";
				INFOPLIST_KEY_UISupportedInterfaceOrientations_iPhone = "UIInterfaceOrientationPortrait UIInterfaceOrientationLandscapeLeft UIInterfaceOrientationLandscapeRight";
				LD_RUNPATH_SEARCH_PATHS = (
					"$(inherited)",
					"@executable_path/Frameworks",
				);
				MARKETING_VERSION = 1.0;
				PRODUCT_BUNDLE_IDENTIFIER = "ZenTan.Swift-Accelerator-Challenge-3";
				PRODUCT_NAME = "$(TARGET_NAME)";
				SWIFT_EMIT_LOC_STRINGS = YES;
				SWIFT_VERSION = 5.0;
				TARGETED_DEVICE_FAMILY = "1,2";
			};
			name = Release;
		};
		D9073DD72CD5D5E900126D86 /* Debug */ = {
			isa = XCBuildConfiguration;
			buildSettings = {
				BUNDLE_LOADER = "$(TEST_HOST)";
				CODE_SIGN_STYLE = Automatic;
				CURRENT_PROJECT_VERSION = 1;
				GENERATE_INFOPLIST_FILE = YES;
				IPHONEOS_DEPLOYMENT_TARGET = 18.1;
				MARKETING_VERSION = 1.0;
				PRODUCT_BUNDLE_IDENTIFIER = "ZenTan.Swift-Accelerator-Challenge-3Tests";
				PRODUCT_NAME = "$(TARGET_NAME)";
				SWIFT_EMIT_LOC_STRINGS = NO;
				SWIFT_VERSION = 5.0;
				TARGETED_DEVICE_FAMILY = "1,2";
				TEST_HOST = "$(BUILT_PRODUCTS_DIR)/Swift Accelerator Challenge 3.app/$(BUNDLE_EXECUTABLE_FOLDER_PATH)/Swift Accelerator Challenge 3";
			};
			name = Debug;
		};
		D9073DD82CD5D5E900126D86 /* Release */ = {
			isa = XCBuildConfiguration;
			buildSettings = {
				BUNDLE_LOADER = "$(TEST_HOST)";
				CODE_SIGN_STYLE = Automatic;
				CURRENT_PROJECT_VERSION = 1;
				GENERATE_INFOPLIST_FILE = YES;
				IPHONEOS_DEPLOYMENT_TARGET = 18.1;
				MARKETING_VERSION = 1.0;
				PRODUCT_BUNDLE_IDENTIFIER = "ZenTan.Swift-Accelerator-Challenge-3Tests";
				PRODUCT_NAME = "$(TARGET_NAME)";
				SWIFT_EMIT_LOC_STRINGS = NO;
				SWIFT_VERSION = 5.0;
				TARGETED_DEVICE_FAMILY = "1,2";
				TEST_HOST = "$(BUILT_PRODUCTS_DIR)/Swift Accelerator Challenge 3.app/$(BUNDLE_EXECUTABLE_FOLDER_PATH)/Swift Accelerator Challenge 3";
			};
			name = Release;
		};
		D9073DDA2CD5D5E900126D86 /* Debug */ = {
			isa = XCBuildConfiguration;
			buildSettings = {
				CODE_SIGN_STYLE = Automatic;
				CURRENT_PROJECT_VERSION = 1;
				GENERATE_INFOPLIST_FILE = YES;
				MARKETING_VERSION = 1.0;
				PRODUCT_BUNDLE_IDENTIFIER = "ZenTan.Swift-Accelerator-Challenge-3UITests";
				PRODUCT_NAME = "$(TARGET_NAME)";
				SWIFT_EMIT_LOC_STRINGS = NO;
				SWIFT_VERSION = 5.0;
				TARGETED_DEVICE_FAMILY = "1,2";
				TEST_TARGET_NAME = "Swift Accelerator Challenge 3";
			};
			name = Debug;
		};
		D9073DDB2CD5D5E900126D86 /* Release */ = {
			isa = XCBuildConfiguration;
			buildSettings = {
				CODE_SIGN_STYLE = Automatic;
				CURRENT_PROJECT_VERSION = 1;
				GENERATE_INFOPLIST_FILE = YES;
				MARKETING_VERSION = 1.0;
				PRODUCT_BUNDLE_IDENTIFIER = "ZenTan.Swift-Accelerator-Challenge-3UITests";
				PRODUCT_NAME = "$(TARGET_NAME)";
				SWIFT_EMIT_LOC_STRINGS = NO;
				SWIFT_VERSION = 5.0;
				TARGETED_DEVICE_FAMILY = "1,2";
				TEST_TARGET_NAME = "Swift Accelerator Challenge 3";
			};
			name = Release;
		};
/* End XCBuildConfiguration section */

/* Begin XCConfigurationList section */
		D9073DAA2CD5D5E800126D86 /* Build configuration list for PBXProject "Swift Accelerator Challenge 3" */ = {
			isa = XCConfigurationList;
			buildConfigurations = (
				D9073DD12CD5D5E900126D86 /* Debug */,
				D9073DD22CD5D5E900126D86 /* Release */,
			);
			defaultConfigurationIsVisible = 0;
			defaultConfigurationName = Release;
		};
		D9073DD32CD5D5E900126D86 /* Build configuration list for PBXNativeTarget "Swift Accelerator Challenge 3" */ = {
			isa = XCConfigurationList;
			buildConfigurations = (
				D9073DD42CD5D5E900126D86 /* Debug */,
				D9073DD52CD5D5E900126D86 /* Release */,
			);
			defaultConfigurationIsVisible = 0;
			defaultConfigurationName = Release;
		};
		D9073DD62CD5D5E900126D86 /* Build configuration list for PBXNativeTarget "Swift Accelerator Challenge 3Tests" */ = {
			isa = XCConfigurationList;
			buildConfigurations = (
				D9073DD72CD5D5E900126D86 /* Debug */,
				D9073DD82CD5D5E900126D86 /* Release */,
			);
			defaultConfigurationIsVisible = 0;
			defaultConfigurationName = Release;
		};
		D9073DD92CD5D5E900126D86 /* Build configuration list for PBXNativeTarget "Swift Accelerator Challenge 3UITests" */ = {
			isa = XCConfigurationList;
			buildConfigurations = (
				D9073DDA2CD5D5E900126D86 /* Debug */,
				D9073DDB2CD5D5E900126D86 /* Release */,
			);
			defaultConfigurationIsVisible = 0;
			defaultConfigurationName = Release;
		};
/* End XCConfigurationList section */
	};
	rootObject = D9073DA72CD5D5E800126D86 /* Project object */;
}
